
Microsoft Visual Studio Solution File, Format Version 11.00
# Visual Studio 2010
Project("{FAE04EC0-301F-11D3-BF4B-00C04F79EFBC}") = "ProductSearch", "ProductSearch\ProductSearch.csproj", "{E6236A77-C699-4F89-A7C4-BD41D0617DB3}"
EndProject
Global
	GlobalSection(SolutionConfigurationPlatforms) = preSolution
		Debug|x86 = Debug|x86
		Release|x86 = Release|x86
	EndGlobalSection
	GlobalSection(ProjectConfigurationPlatforms) = postSolution
		{E6236A77-C699-4F89-A7C4-BD41D0617DB3}.Debug|x86.ActiveCfg = Debug|x86
		{E6236A77-C699-4F89-A7C4-BD41D0617DB3}.Debug|x86.Build.0 = Debug|x86
		{E6236A77-C699-4F89-A7C4-BD41D0617DB3}.Release|x86.ActiveCfg = Release|x86
		{E6236A77-C699-4F89-A7C4-BD41D0617DB3}.Release|x86.Build.0 = Release|x86
	EndGlobalSection
	GlobalSection(SolutionProperties) = preSolution
		HideSolutionNode = FALSE
	EndGlobalSection
EndGlobal
